
Microsoft Visual Studio Solution File, Format Version 11.00
# Visual Studio 2010
Project("{FAE04EC0-301F-11D3-BF4B-00C04F79EFBC}") = "Darkness 3D", "Assembly-CSharp.csproj", "{AF857911-3475-9B2A-318B-AFAEB39782AA}"
EndProject
Project("{FAE04EC0-301F-11D3-BF4B-00C04F79EFBC}") = "Darkness 3D", "Assembly-CSharp-Editor.csproj", "{F8401E43-A178-9F88-F772-1FEC25957C01}"
EndProject
Global
	GlobalSection(SolutionConfigurationPlatforms) = preSolution
		Debug|Any CPU = Debug|Any CPU
		Release|Any CPU = Release|Any CPU
	EndGlobalSection
	GlobalSection(ProjectConfigurationPlatforms) = postSolution
		{AF857911-3475-9B2A-318B-AFAEB39782AA}.Debug|Any CPU.ActiveCfg = Debug|Any CPU
		{AF857911-3475-9B2A-318B-AFAEB39782AA}.Debug|Any CPU.Build.0 = Debug|Any CPU
		{AF857911-3475-9B2A-318B-AFAEB39782AA}.Release|Any CPU.ActiveCfg = Release|Any CPU
		{AF857911-3475-9B2A-318B-AFAEB39782AA}.Release|Any CPU.Build.0 = Release|Any CPU
		{F8401E43-A178-9F88-F772-1FEC25957C01}.Debug|Any CPU.ActiveCfg = Debug|Any CPU
		{F8401E43-A178-9F88-F772-1FEC25957C01}.Debug|Any CPU.Build.0 = Debug|Any CPU
		{F8401E43-A178-9F88-F772-1FEC25957C01}.Release|Any CPU.ActiveCfg = Release|Any CPU
		{F8401E43-A178-9F88-F772-1FEC25957C01}.Release|Any CPU.Build.0 = Release|Any CPU
	EndGlobalSection
	GlobalSection(SolutionProperties) = preSolution
		HideSolutionNode = FALSE
	EndGlobalSection
	GlobalSection(MonoDevelopProperties) = preSolution
		StartupItem = Assembly-CSharp.csproj
	EndGlobalSection
EndGlobal
